{
  "name": "worldwarbr",
  "version": "1.0.0",
  "lockfileVersion": 2,
  "requires": true,
  "packages": {
    "": {
      "name": "worldwarbr",
      "version": "1.0.0",
      "dependencies": {
        "discord-html-transcripts": "^3.2.0",
        "discord.js": "^14.14.0",
        "dotenv": "^16.6.1"
      },
      "engines": {
        "node": ">=18"
      }
    },
    "node_modules/@derockdev/discord-components-core": {
      "version": "3.6.1",
      "license": "MIT",
      "dependencies": {
        "@stencil/core": "^3.4.1",
        "clsx": "^1.2.1",
        "hex-to-rgba": "^2.0.1",
        "highlight.js": "^11.6.0"
      },
      "engines": {
        "node": ">=v14.0.0"
      }
    },
    "node_modules/@derockdev/discord-components-react": {
      "version": "3.6.1",
      "license": "MIT",
      "dependencies": {
        "@derockdev/discord-components-core": "^3.6.1",
        "tslib": "^2.6.0"
      },
      "engines": {
        "node": ">=v14.0.0"
      },
      "peerDependencies": {
        "react": "16.8.x || 17.x || 18.x",
        "react-dom": "16.8.x || 17.x || 18.x"
      }
    },
    "node_modules/@discordjs/builders": {
      "version": "1.14.1",
      "license": "Apache-2.0",
      "dependencies": {
        "@discordjs/formatters": "^0.6.2",
        "@discordjs/util": "^1.2.0",
        "@sapphire/shapeshift": "^4.0.0",
        "discord-api-types": "^0.38.40",
        "fast-deep-equal": "^3.1.3",
        "ts-mixer": "^6.0.4",
        "tslib": "^2.6.3"
      },
      "engines": {
        "node": ">=16.11.0"
      },
      "funding": {
        "url": "https://github.com/discordjs/discord.js?sponsor"
      }
    },
    "node_modules/@discordjs/collection": {
      "version": "1.5.3",
      "license": "Apache-2.0",
      "engines": {
        "node": ">=16.11.0"
      }
    },
    "node_modules/@discordjs/formatters": {
      "version": "0.6.2",
      "license": "Apache-2.0",
      "dependencies": {
        "discord-api-types": "^0.38.33"
      },
      "engines": {
        "node": ">=16.11.0"
      },
      "funding": {
        "url": "https://github.com/discordjs/discord.js?sponsor"
      }
    },
    "node_modules/@discordjs/rest": {
      "version": "2.6.3",
      "license": "Apache-2.0",
      "dependencies": {
        "@discordjs/collection": "^2.1.1",
        "@discordjs/util": "^1.2.0",
        "@sapphire/async-queue": "^1.5.3",
        "@sapphire/snowflake": "^3.5.5",
        "@vladfrangu/async_event_emitter": "^2.4.6",
        "discord-api-types": "^0.38.50",
        "magic-bytes.js": "^1.13.0",
        "tslib": "^2.6.3",
        "undici": "^6.27.0"
      },
      "engines": {
        "node": ">=18"
      },
      "funding": {
        "url": "https://github.com/discordjs/discord.js?sponsor"
      }
    },
    "node_modules/@discordjs/rest/node_modules/@discordjs/collection": {
      "version": "2.1.1",
      "license": "Apache-2.0",
      "engines": {
        "node": ">=18"
      },
      "funding": {
        "url": "https://github.com/discordjs/discord.js?sponsor"
      }
    },
    "node_modules/@discordjs/rest/node_modules/undici": {
      "version": "6.27.0",
      "license": "MIT",
      "engines": {
        "node": ">=18.17"
      }
    },
    "node_modules/@discordjs/util": {
      "version": "1.2.0",
      "license": "Apache-2.0",
      "dependencies": {
        "discord-api-types": "^0.38.33"
      },
      "engines": {
        "node": ">=18"
      },
      "funding": {
        "url": "https://github.com/discordjs/discord.js?sponsor"
      }
    },
    "node_modules/@discordjs/ws": {
      "version": "1.2.3",
      "license": "Apache-2.0",
      "dependencies": {
        "@discordjs/collection": "^2.1.0",
        "@discordjs/rest": "^2.5.1",
        "@discordjs/util": "^1.1.0",
        "@sapphire/async-queue": "^1.5.2",
        "@types/ws": "^8.5.10",
        "@vladfrangu/async_event_emitter": "^2.2.4",
        "discord-api-types": "^0.38.1",
        "tslib": "^2.6.2",
        "ws": "^8.17.0"
      },
      "engines": {
        "node": ">=16.11.0"
      },
      "funding": {
        "url": "https://github.com/discordjs/discord.js?sponsor"
      }
    },
    "node_modules/@discordjs/ws/node_modules/@discordjs/collection": {
      "version": "2.1.1",
      "license": "Apache-2.0",
      "engines": {
        "node": ">=18"
      },
      "funding": {
        "url": "https://github.com/discordjs/discord.js?sponsor"
      }
    },
    "node_modules/@fastify/busboy": {
      "version": "2.1.1",
      "license": "MIT",
      "engines": {
        "node": ">=14"
      }
    },
    "node_modules/@sapphire/async-queue": {
      "version": "1.5.5",
      "license": "MIT",
      "engines": {
        "node": ">=v14.0.0",
        "npm": ">=7.0.0"
      }
    },
    "node_modules/@sapphire/shapeshift": {
      "version": "4.0.0",
      "license": "MIT",
      "dependencies": {
        "fast-deep-equal": "^3.1.3",
        "lodash": "^4.17.21"
      },
      "engines": {
        "node": ">=v16"
      }
    },
    "node_modules/@sapphire/snowflake": {
      "version": "3.5.5",
      "license": "MIT",
      "engines": {
        "node": ">=v14.0.0",
        "npm": ">=7.0.0"
      }
    },
    "node_modules/@stencil/core": {
      "version": "3.4.2",
      "license": "MIT",
      "bin": {
        "stencil": "bin/stencil"
      },
      "engines": {
        "node": ">=14.10.0",
        "npm": ">=6.0.0"
      }
    },
    "node_modules/@types/node": {
      "version": "26.1.1",
      "license": "MIT",
      "dependencies": {
        "undici-types": "~8.3.0"
      }
    },
    "node_modules/@types/react": {
      "version": "19.2.17",
      "license": "MIT",
      "dependencies": {
        "csstype": "^3.2.2"
      }
    },
    "node_modules/@types/ws": {
      "version": "8.18.1",
      "license": "MIT",
      "dependencies": {
        "@types/node": "*"
      }
    },
    "node_modules/@vladfrangu/async_event_emitter": {
      "version": "2.4.7",
      "license": "MIT",
      "engines": {
        "node": ">=v14.0.0",
        "npm": ">=7.0.0"
      }
    },
    "node_modules/clsx": {
      "version": "1.2.1",
      "license": "MIT",
      "engines": {
        "node": ">=6"
      }
    },
    "node_modules/csstype": {
      "version": "3.2.3",
      "license": "MIT"
    },
    "node_modules/discord-api-types": {
      "version": "0.38.50",
      "license": "MIT",
      "workspaces": [
        "scripts/actions/documentation"
      ]
    },
    "node_modules/discord-html-transcripts": {
      "version": "3.2.0",
      "license": "GNU GPLv3",
      "dependencies": {
        "@derockdev/discord-components-core": "^3.6.1",
        "@derockdev/discord-components-react": "^3.6.1",
        "discord-markdown-parser": "~1.1.0",
        "react": "^18.2.0",
        "react-dom": "^18.2.0",
        "simple-markdown": "^0.7.3",
        "twemoji": "^14.0.2",
        "undici": "^5.23.0"
      },
      "peerDependencies": {
        "discord.js": "^14.0.0 || ^15.0.0"
      }
    },
    "node_modules/discord-markdown-parser": {
      "version": "1.1.0",
      "license": "GNU GPLv3",
      "dependencies": {
        "simple-markdown": "^0.7.3"
      }
    },
    "node_modules/discord.js": {
      "version": "14.27.0",
      "license": "Apache-2.0",
      "dependencies": {
        "@discordjs/builders": "^1.14.1",
        "@discordjs/collection": "1.5.3",
        "@discordjs/formatters": "^0.6.2",
        "@discordjs/rest": "^2.6.2",
        "@discordjs/util": "^1.2.0",
        "@discordjs/ws": "^1.2.3",
        "@sapphire/snowflake": "3.5.5",
        "discord-api-types": "^0.38.49",
        "fast-deep-equal": "3.1.3",
        "lodash.snakecase": "4.1.1",
        "magic-bytes.js": "^1.13.0",
        "tslib": "^2.6.3",
        "undici": "^6.27.0"
      },
      "engines": {
        "node": ">=18"
      },
      "funding": {
        "url": "https://github.com/discordjs/discord.js?sponsor"
      }
    },
    "node_modules/discord.js/node_modules/undici": {
      "version": "6.27.0",
      "license": "MIT",
      "engines": {
        "node": ">=18.17"
      }
    },
    "node_modules/dotenv": {
      "version": "16.6.1",
      "license": "BSD-2-Clause",
      "engines": {
        "node": ">=12"
      },
      "funding": {
        "url": "https://dotenvx.com"
      }
    },
    "node_modules/fast-deep-equal": {
      "version": "3.1.3",
      "license": "MIT"
    },
    "node_modules/fs-extra": {
      "version": "8.1.0",
      "license": "MIT",
      "dependencies": {
        "graceful-fs": "^4.2.0",
        "jsonfile": "^4.0.0",
        "universalify": "^0.1.0"
      },
      "engines": {
        "node": ">=6 <7 || >=8"
      }
    },
    "node_modules/fs-extra/node_modules/jsonfile": {
      "version": "4.0.0",
      "license": "MIT",
      "optionalDependencies": {
        "graceful-fs": "^4.1.6"
      }
    },
    "node_modules/graceful-fs": {
      "version": "4.2.11",
      "license": "ISC"
    },
    "node_modules/hex-to-rgba": {
      "version": "2.0.1",
      "license": "GPL-3.0"
    },
    "node_modules/highlight.js": {
      "version": "11.11.1",
      "license": "BSD-3-Clause",
      "engines": {
        "node": ">=12.0.0"
      }
    },
    "node_modules/js-tokens": {
      "version": "4.0.0",
      "license": "MIT"
    },
    "node_modules/jsonfile": {
      "version": "5.0.0",
      "license": "MIT",
      "dependencies": {
        "universalify": "^0.1.2"
      },
      "optionalDependencies": {
        "graceful-fs": "^4.1.6"
      }
    },
    "node_modules/lodash": {
      "version": "4.18.1",
      "license": "MIT"
    },
    "node_modules/lodash.snakecase": {
      "version": "4.1.1",
      "license": "MIT"
    },
    "node_modules/loose-envify": {
      "version": "1.4.0",
      "license": "MIT",
      "dependencies": {
        "js-tokens": "^3.0.0 || ^4.0.0"
      },
      "bin": {
        "loose-envify": "cli.js"
      }
    },
    "node_modules/magic-bytes.js": {
      "version": "1.13.0",
      "license": "MIT"
    },
    "node_modules/react": {
      "version": "18.3.1",
      "license": "MIT",
      "dependencies": {
        "loose-envify": "^1.1.0"
      },
      "engines": {
        "node": ">=0.10.0"
      }
    },
    "node_modules/react-dom": {
      "version": "18.3.1",
      "license": "MIT",
      "dependencies": {
        "loose-envify": "^1.1.0",
        "scheduler": "^0.23.2"
      },
      "peerDependencies": {
        "react": "^18.3.1"
      }
    },
    "node_modules/scheduler": {
      "version": "0.23.2",
      "license": "MIT",
      "dependencies": {
        "loose-envify": "^1.1.0"
      }
    },
    "node_modules/simple-markdown": {
      "version": "0.7.3",
      "license": "MIT",
      "dependencies": {
        "@types/react": ">=16.0.0"
      }
    },
    "node_modules/ts-mixer": {
      "version": "6.0.4",
      "license": "MIT"
    },
    "node_modules/tslib": {
      "version": "2.8.1",
      "license": "0BSD"
    },
    "node_modules/twemoji": {
      "version": "14.0.2",
      "license": [
        "MIT",
        "CC-BY-4.0"
      ],
      "dependencies": {
        "fs-extra": "^8.0.1",
        "jsonfile": "^5.0.0",
        "twemoji-parser": "14.0.0",
        "universalify": "^0.1.2"
      }
    },
    "node_modules/twemoji-parser": {
      "version": "14.0.0",
      "license": "MIT"
    },
    "node_modules/undici": {
      "version": "5.29.0",
      "license": "MIT",
      "dependencies": {
        "@fastify/busboy": "^2.0.0"
      },
      "engines": {
        "node": ">=14.0"
      }
    },
    "node_modules/undici-types": {
      "version": "8.3.0",
      "license": "MIT"
    },
    "node_modules/universalify": {
      "version": "0.1.2",
      "license": "MIT",
      "engines": {
        "node": ">= 4.0.0"
      }
    },
    "node_modules/ws": {
      "version": "8.21.1",
      "license": "MIT",
      "engines": {
        "node": ">=10.0.0"
      },
      "peerDependencies": {
        "bufferutil": "^4.0.1",
        "utf-8-validate": ">=5.0.2"
      },
      "peerDependenciesMeta": {
        "bufferutil": {
          "optional": true
        },
        "utf-8-validate": {
          "optional": true
        }
      }
    }
  },
  "dependencies": {
    "@derockdev/discord-components-core": {
      "version": "3.6.1",
      "requires": {
        "@stencil/core": "^3.4.1",
        "clsx": "^1.2.1",
        "hex-to-rgba": "^2.0.1",
        "highlight.js": "^11.6.0"
      }
    },
    "@derockdev/discord-components-react": {
      "version": "3.6.1",
      "requires": {
        "@derockdev/discord-components-core": "^3.6.1",
        "tslib": "^2.6.0"
      }
    },
    "@discordjs/builders": {
      "version": "1.14.1",
      "requires": {
        "@discordjs/formatters": "^0.6.2",
        "@discordjs/util": "^1.2.0",
        "@sapphire/shapeshift": "^4.0.0",
        "discord-api-types": "^0.38.40",
        "fast-deep-equal": "^3.1.3",
        "ts-mixer": "^6.0.4",
        "tslib": "^2.6.3"
      }
    },
    "@discordjs/collection": {
      "version": "1.5.3"
    },
    "@discordjs/formatters": {
      "version": "0.6.2",
      "requires": {
        "discord-api-types": "^0.38.33"
      }
    },
    "@discordjs/rest": {
      "version": "2.6.3",
      "requires": {
        "@discordjs/collection": "^2.1.1",
        "@discordjs/util": "^1.2.0",
        "@sapphire/async-queue": "^1.5.3",
        "@sapphire/snowflake": "^3.5.5",
        "@vladfrangu/async_event_emitter": "^2.4.6",
        "discord-api-types": "^0.38.50",
        "magic-bytes.js": "^1.13.0",
        "tslib": "^2.6.3",
        "undici": "^6.27.0"
      },
      "dependencies": {
        "@discordjs/collection": {
          "version": "2.1.1"
        },
        "undici": {
          "version": "6.27.0"
        }
      }
    },
    "@discordjs/util": {
      "version": "1.2.0",
      "requires": {
        "discord-api-types": "^0.38.33"
      }
    },
    "@discordjs/ws": {
      "version": "1.2.3",
      "requires": {
        "@discordjs/collection": "^2.1.0",
        "@discordjs/rest": "^2.5.1",
        "@discordjs/util": "^1.1.0",
        "@sapphire/async-queue": "^1.5.2",
        "@types/ws": "^8.5.10",
        "@vladfrangu/async_event_emitter": "^2.2.4",
        "discord-api-types": "^0.38.1",
        "tslib": "^2.6.2",
        "ws": "^8.17.0"
      },
      "dependencies": {
        "@discordjs/collection": {
          "version": "2.1.1"
        }
      }
    },
    "@fastify/busboy": {
      "version": "2.1.1"
    },
    "@sapphire/async-queue": {
      "version": "1.5.5"
    },
    "@sapphire/shapeshift": {
      "version": "4.0.0",
      "requires": {
        "fast-deep-equal": "^3.1.3",
        "lodash": "^4.17.21"
      }
    },
    "@sapphire/snowflake": {
      "version": "3.5.5"
    },
    "@stencil/core": {
      "version": "3.4.2"
    },
    "@types/node": {
      "version": "26.1.1",
      "requires": {
        "undici-types": "~8.3.0"
      }
    },
    "@types/react": {
      "version": "19.2.17",
      "requires": {
        "csstype": "^3.2.2"
      }
    },
    "@types/ws": {
      "version": "8.18.1",
      "requires": {
        "@types/node": "*"
      }
    },
    "@vladfrangu/async_event_emitter": {
      "version": "2.4.7"
    },
    "clsx": {
      "version": "1.2.1"
    },
    "csstype": {
      "version": "3.2.3"
    },
    "discord-api-types": {
      "version": "0.38.50"
    },
    "discord-html-transcripts": {
      "version": "3.2.0",
      "requires": {
        "@derockdev/discord-components-core": "^3.6.1",
        "@derockdev/discord-components-react": "^3.6.1",
        "discord-markdown-parser": "~1.1.0",
        "react": "^18.2.0",
        "react-dom": "^18.2.0",
        "simple-markdown": "^0.7.3",
        "twemoji": "^14.0.2",
        "undici": "^5.23.0"
      }
    },
    "discord-markdown-parser": {
      "version": "1.1.0",
      "requires": {
        "simple-markdown": "^0.7.3"
      }
    },
    "discord.js": {
      "version": "14.27.0",
      "requires": {
        "@discordjs/builders": "^1.14.1",
        "@discordjs/collection": "1.5.3",
        "@discordjs/formatters": "^0.6.2",
        "@discordjs/rest": "^2.6.2",
        "@discordjs/util": "^1.2.0",
        "@discordjs/ws": "^1.2.3",
        "@sapphire/snowflake": "3.5.5",
        "discord-api-types": "^0.38.49",
        "fast-deep-equal": "3.1.3",
        "lodash.snakecase": "4.1.1",
        "magic-bytes.js": "^1.13.0",
        "tslib": "^2.6.3",
        "undici": "^6.27.0"
      },
      "dependencies": {
        "undici": {
          "version": "6.27.0"
        }
      }
    },
    "dotenv": {
      "version": "16.6.1"
    },
    "fast-deep-equal": {
      "version": "3.1.3"
    },
    "fs-extra": {
      "version": "8.1.0",
      "requires": {
        "graceful-fs": "^4.2.0",
        "jsonfile": "^4.0.0",
        "universalify": "^0.1.0"
      },
      "dependencies": {
        "jsonfile": {
          "version": "4.0.0",
          "requires": {
            "graceful-fs": "^4.1.6"
          }
        }
      }
    },
    "graceful-fs": {
      "version": "4.2.11"
    },
    "hex-to-rgba": {
      "version": "2.0.1"
    },
    "highlight.js": {
      "version": "11.11.1"
    },
    "js-tokens": {
      "version": "4.0.0"
    },
    "jsonfile": {
      "version": "5.0.0",
      "requires": {
        "graceful-fs": "^4.1.6",
        "universalify": "^0.1.2"
      }
    },
    "lodash": {
      "version": "4.18.1"
    },
    "lodash.snakecase": {
      "version": "4.1.1"
    },
    "loose-envify": {
      "version": "1.4.0",
      "requires": {
        "js-tokens": "^3.0.0 || ^4.0.0"
      }
    },
    "magic-bytes.js": {
      "version": "1.13.0"
    },
    "react": {
      "version": "18.3.1",
      "requires": {
        "loose-envify": "^1.1.0"
      }
    },
    "react-dom": {
      "version": "18.3.1",
      "requires": {
        "loose-envify": "^1.1.0",
        "scheduler": "^0.23.2"
      }
    },
    "scheduler": {
      "version": "0.23.2",
      "requires": {
        "loose-envify": "^1.1.0"
      }
    },
    "simple-markdown": {
      "version": "0.7.3",
      "requires": {
        "@types/react": ">=16.0.0"
      }
    },
    "ts-mixer": {
      "version": "6.0.4"
    },
    "tslib": {
      "version": "2.8.1"
    },
    "twemoji": {
      "version": "14.0.2",
      "requires": {
        "fs-extra": "^8.0.1",
        "jsonfile": "^5.0.0",
        "twemoji-parser": "14.0.0",
        "universalify": "^0.1.2"
      }
    },
    "twemoji-parser": {
      "version": "14.0.0"
    },
    "undici": {
      "version": "5.29.0",
      "requires": {
        "@fastify/busboy": "^2.0.0"
      }
    },
    "undici-types": {
      "version": "8.3.0"
    },
    "universalify": {
      "version": "0.1.2"
    },
    "ws": {
      "version": "8.21.1",
      "requires": {}
    }
  }
}
